{
  "name": "mapping",
  "version": "1.0.0",
  "lockfileVersion": 3,
  "requires": true,
  "packages": {
    "": {
      "name": "mapping",
      "version": "1.0.0",
      "license": "ISC",
      "dependencies": {
        "bootstrap": "^5.3.3",
        "jquery": "^3.7.1",
        "leaflet": "^1.9.4",
        "leaflet-ant-path": "^1.3.0",
        "leaflet-distortableimage-updated": "^1.0.4",
        "leaflet-providers": "^2.0.0",
        "leaflet-toolbar": "^0.4.0-alpha.2"
      }
    },
    "node_modules/@popperjs/core": {
      "version": "2.11.8",
      "resolved": "https://registry.npmjs.org/@popperjs/core/-/core-2.11.8.tgz",
      "integrity": "sha512-P1st0aksCrn9sGZhp8GMYwBnQsbvAWsZAX44oXNNvLHGqAOcoVxmjZiohstwQ7SqKnbR47akdNi+uleWD8+g6A==",
      "peer": true,
      "funding": {
        "type": "opencollective",
        "url": "https://opencollective.com/popperjs"
      }
    },
    "node_modules/bootstrap": {
      "version": "5.3.3",
      "resolved": "https://registry.npmjs.org/bootstrap/-/bootstrap-5.3.3.tgz",
      "integrity": "sha512-8HLCdWgyoMguSO9o+aH+iuZ+aht+mzW0u3HIMzVu7Srrpv7EBBxTnrFlSCskwdY1+EOFQSm7uMJhNQHkdPcmjg==",
      "funding": [
        {
          "type": "github",
          "url": "https://github.com/sponsors/twbs"
        },
        {
          "type": "opencollective",
          "url": "https://opencollective.com/bootstrap"
        }
      ],
      "peerDependencies": {
        "@popperjs/core": "^2.11.8"
      }
    },
    "node_modules/exif-js": {
      "version": "2.3.0",
      "resolved": "https://registry.npmjs.org/exif-js/-/exif-js-2.3.0.tgz",
      "integrity": "sha512-1Og9pAzG2FZRVlaavH8bB8BTeHcjMdJhKmeQITkX+uLRCD0xPtKAdZ2clZmQdJ56p9adXtJ8+jwrGp/4505lYg=="
    },
    "node_modules/glfx": {
      "version": "0.0.4",
      "resolved": "https://registry.npmjs.org/glfx/-/glfx-0.0.4.tgz",
      "integrity": "sha512-CmcUjZP/DARqtOC+MoNqClu2wKGWFbEGqAuiGsTZaZTLDC8a/VW/nqtcLfpPimC8ihgv60tGHRV4O3SmFYneRw=="
    },
    "node_modules/jquery": {
      "version": "3.7.1",
      "resolved": "https://registry.npmjs.org/jquery/-/jquery-3.7.1.tgz",
      "integrity": "sha512-m4avr8yL8kmFN8psrbFFFmB/If14iN5o9nw/NgnnM+kybDJpRsAynV2BsfpTYrTRysYUdADVD7CkUUizgkpLfg=="
    },
    "node_modules/leaflet": {
      "version": "1.9.4",
      "resolved": "https://registry.npmjs.org/leaflet/-/leaflet-1.9.4.tgz",
      "integrity": "sha512-nxS1ynzJOmOlHp+iL3FyWqK89GtNL8U8rvlMOsQdTTssxZwCXh8N2NB3GDQOL+YR3XnWyZAxwQixURb+FA74PA=="
    },
    "node_modules/leaflet-ant-path": {
      "version": "1.3.0",
      "resolved": "https://registry.npmjs.org/leaflet-ant-path/-/leaflet-ant-path-1.3.0.tgz",
      "integrity": "sha512-wgWWcAD4w8QVguRsHh89NGj5eqwLOP6e/HazunW0fQaytqZqEh3WePWYIrmbUeMcOf2cX/+GecHkFfI5tirS1Q=="
    },
    "node_modules/leaflet-distortableimage-updated": {
      "version": "1.0.4",
      "resolved": "https://registry.npmjs.org/leaflet-distortableimage-updated/-/leaflet-distortableimage-updated-1.0.4.tgz",
      "integrity": "sha512-S0dWlmf+/Y1CNarnQotk673i0GDK4SjlkXrQSeqnf6zSQtJOt29cq57Sz7ipO6p5nm6G0qqF+b0vxmk513wYFA==",
      "dependencies": {
        "exif-js": "^2.3.0",
        "glfx": "0.0.4",
        "leaflet-google-places-autocomplete": "^0.0.9",
        "leaflet-toolbar": "0.4.0-alpha.2",
        "webgl-distort": "0.0.2"
      },
      "engines": {
        "node": ">=10.0.0"
      },
      "peerDependencies": {
        "leaflet": "1.x"
      }
    },
    "node_modules/leaflet-google-places-autocomplete": {
      "version": "0.0.9",
      "resolved": "https://registry.npmjs.org/leaflet-google-places-autocomplete/-/leaflet-google-places-autocomplete-0.0.9.tgz",
      "integrity": "sha512-NHefPZn53GQIjuAZmwEN/KTy8TobEu8kRU/WlYR58j5WrQU3vZ4w2OKVUCFzKU5jlWxeZP/SQTFhmXf2vkHIeQ=="
    },
    "node_modules/leaflet-providers": {
      "version": "2.0.0",
      "resolved": "https://registry.npmjs.org/leaflet-providers/-/leaflet-providers-2.0.0.tgz",
      "integrity": "sha512-CWwKEnHd66Qsx0m4o5q5ZOa60s00B91pMxnlr4Y22msubfs7dhbZhdMIz8bvZQkrZqi67ppI1fsZRS6vtrLcOA=="
    },
    "node_modules/leaflet-toolbar": {
      "version": "0.4.0-alpha.2",
      "resolved": "https://registry.npmjs.org/leaflet-toolbar/-/leaflet-toolbar-0.4.0-alpha.2.tgz",
      "integrity": "sha512-g1KeU3DYGUOwXTS0vKIgJ8KgY0h/2B0qENNQUSYMFtSY2yzwaHWMbDyhDbk+aO8LgJ1iOX4fUt2bh1sYZbpmmQ==",
      "peerDependencies": {
        "leaflet": "*"
      }
    },
    "node_modules/webgl-distort": {
      "version": "0.0.2",
      "resolved": "https://registry.npmjs.org/webgl-distort/-/webgl-distort-0.0.2.tgz",
      "integrity": "sha512-ega1ErSsqQ7MXWreYkxwxs5TTBYXJb538Gsqyi+aknwHE9bUZx31EoWuUJWD2jfiOV5BMdmrmfqYGrTTAvrO6Q=="
    }
  }
}
